
Microsoft Visual Studio Solution File, Format Version 12.00
# Visual Studio Version 17
VisualStudioVersion = 17.5.002.0
MinimumVisualStudioVersion = 10.0.40219.1
Project("{9A19103F-16F7-4668-BE54-9A1E7A4F7556}") = "DesafioProjetoHospedagem", "DesafioProjetoHospedagem.csproj", "{D887DD74-A841-4DB2-80D8-701C112233AD}"
EndProject
Global
	GlobalSection(SolutionConfigurationPlatforms) = preSolution
		Debug|Any CPU = Debug|Any CPU
		Release|Any CPU = Release|Any CPU
	EndGlobalSection
	GlobalSection(ProjectConfigurationPlatforms) = postSolution
		{D887DD74-A841-4DB2-80D8-701C112233AD}.Debug|Any CPU.ActiveCfg = Debug|Any CPU
		{D887DD74-A841-4DB2-80D8-701C112233AD}.Debug|Any CPU.Build.0 = Debug|Any CPU
		{D887DD74-A841-4DB2-80D8-701C112233AD}.Release|Any CPU.ActiveCfg = Release|Any CPU
		{D887DD74-A841-4DB2-80D8-701C112233AD}.Release|Any CPU.Build.0 = Release|Any CPU
	EndGlobalSection
	GlobalSection(SolutionProperties) = preSolution
		HideSolutionNode = FALSE
	EndGlobalSection
	GlobalSection(ExtensibilityGlobals) = postSolution
		SolutionGuid = {1CF4886F-C3B5-4117-8155-7BCBA14F987D}
	EndGlobalSection
EndGlobal
